
Microsoft Visual Studio Solution File, Format Version 12.00
# Visual Studio Version 16
VisualStudioVersion = 16.0.30523.141
MinimumVisualStudioVersion = 10.0.40219.1
Project("{FAE04EC0-301F-11D3-BF4B-00C04F79EFBC}") = "Tehtava3_Sql", "Tehtava3_Sql.csproj", "{4E8E7E91-A504-44BF-95F4-AA7A6B891D0C}"
EndProject
Global
	GlobalSection(SolutionConfigurationPlatforms) = preSolution
		Debug|Any CPU = Debug|Any CPU
		Release|Any CPU = Release|Any CPU
	EndGlobalSection
	GlobalSection(ProjectConfigurationPlatforms) = postSolution
		{4E8E7E91-A504-44BF-95F4-AA7A6B891D0C}.Debug|Any CPU.ActiveCfg = Debug|Any CPU
		{4E8E7E91-A504-44BF-95F4-AA7A6B891D0C}.Debug|Any CPU.Build.0 = Debug|Any CPU
		{4E8E7E91-A504-44BF-95F4-AA7A6B891D0C}.Release|Any CPU.ActiveCfg = Release|Any CPU
		{4E8E7E91-A504-44BF-95F4-AA7A6B891D0C}.Release|Any CPU.Build.0 = Release|Any CPU
	EndGlobalSection
	GlobalSection(SolutionProperties) = preSolution
		HideSolutionNode = FALSE
	EndGlobalSection
	GlobalSection(ExtensibilityGlobals) = postSolution
		SolutionGuid = {337ABDDA-63CA-4129-9251-1E0212A3CD72}
	EndGlobalSection
EndGlobal
